// !$*UTF8*$!
{
	archiveVersion = 1;
	classes = {
	};
	objectVersion = 50;
	objects = {

/* Begin PBXBuildFile section */
		91208973238E6B7900594FB8 /* KAudioPlay.m in Sources */ = {isa = PBXBuildFile; fileRef = 91208972238E6B7900594FB8 /* KAudioPlay.m */; };
		912A806A2397CBE500D62669 /* KVideoDecoder.m in Sources */ = {isa = PBXBuildFile; fileRef = 912A80692397CBE500D62669 /* KVideoDecoder.m */; };
		912A80952398122100D62669 /* VTDec.m in Sources */ = {isa = PBXBuildFile; fileRef = 912A80942398122100D62669 /* VTDec.m */; };
		912A80982398380B00D62669 /* KVideoPlay.m in Sources */ = {isa = PBXBuildFile; fileRef = 912A80972398380B00D62669 /* KVideoPlay.m */; settings = {COMPILER_FLAGS = "-DGLES_SILENCE_DEPRECATION -D CI_SILENCE_GL_DEPRECATION"; }; };
		912CEF362385E0C100EA9213 /* KQueueFilter.m in Sources */ = {isa = PBXBuildFile; fileRef = 912CEF342385E0C100EA9213 /* KQueueFilter.m */; };
		915F30A42392FB8A00B98323 /* WavReader.m in Sources */ = {isa = PBXBuildFile; fileRef = 915F30A32392FB8A00B98323 /* WavReader.m */; };
		915F30A823932A6E00B98323 /* KAudioWavSource.m in Sources */ = {isa = PBXBuildFile; fileRef = 915F30A723932A6E00B98323 /* KAudioWavSource.m */; };
		918654EA238D1D1B00655EE3 /* KTestAudio.m in Sources */ = {isa = PBXBuildFile; fileRef = 918654E9238D1D1B00655EE3 /* KTestAudio.m */; };
		91C197792382FD86002B2463 /* AppDelegate.swift in Sources */ = {isa = PBXBuildFile; fileRef = 91C197782382FD86002B2463 /* AppDelegate.swift */; };
		91C1977B2382FD86002B2463 /* SceneDelegate.swift in Sources */ = {isa = PBXBuildFile; fileRef = 91C1977A2382FD86002B2463 /* SceneDelegate.swift */; };
		91C1977D2382FD86002B2463 /* ViewController.swift in Sources */ = {isa = PBXBuildFile; fileRef = 91C1977C2382FD86002B2463 /* ViewController.swift */; };
		91C197802382FD86002B2463 /* Main.storyboard in Resources */ = {isa = PBXBuildFile; fileRef = 91C1977E2382FD86002B2463 /* Main.storyboard */; };
		91C197832382FD86002B2463 /* KPlayTest5.xcdatamodeld in Sources */ = {isa = PBXBuildFile; fileRef = 91C197812382FD86002B2463 /* KPlayTest5.xcdatamodeld */; };
		91C197852382FD87002B2463 /* Assets.xcassets in Resources */ = {isa = PBXBuildFile; fileRef = 91C197842382FD87002B2463 /* Assets.xcassets */; };
		91C197882382FD87002B2463 /* LaunchScreen.storyboard in Resources */ = {isa = PBXBuildFile; fileRef = 91C197862382FD87002B2463 /* LaunchScreen.storyboard */; };
		91C197A22383022E002B2463 /* KTestFilters.m in Sources */ = {isa = PBXBuildFile; fileRef = 91C197942383022D002B2463 /* KTestFilters.m */; };
		91C197A32383022E002B2463 /* KTestGraph1.m in Sources */ = {isa = PBXBuildFile; fileRef = 91C197952383022D002B2463 /* KTestGraph1.m */; };
		91C197A42383022E002B2463 /* KPlayGraph.m in Sources */ = {isa = PBXBuildFile; fileRef = 91C197992383022D002B2463 /* KPlayGraph.m */; };
		91C197A52383022E002B2463 /* KMediaSample.m in Sources */ = {isa = PBXBuildFile; fileRef = 91C1979C2383022D002B2463 /* KMediaSample.m */; };
		91C197A62383022E002B2463 /* KFilter.m in Sources */ = {isa = PBXBuildFile; fileRef = 91C1979E2383022D002B2463 /* KFilter.m */; };
		91C197A72383022E002B2463 /* KClock.m in Sources */ = {isa = PBXBuildFile; fileRef = 91C1979F2383022D002B2463 /* KClock.m */; };
		91C197A82383022E002B2463 /* KPin.m in Sources */ = {isa = PBXBuildFile; fileRef = 91C197A02383022D002B2463 /* KPin.m */; };
		91C197B1238328BB002B2463 /* KPlayTest5Test1.m in Sources */ = {isa = PBXBuildFile; fileRef = 91C197B0238328BB002B2463 /* KPlayTest5Test1.m */; };
		91C197BF23832931002B2463 /* KPlayTest5Test2.m in Sources */ = {isa = PBXBuildFile; fileRef = 91C197BE23832931002B2463 /* KPlayTest5Test2.m */; };
		91E8CFAD239636740044D383 /* FlvDec.m in Sources */ = {isa = PBXBuildFile; fileRef = 91E8CFAC239636740044D383 /* FlvDec.m */; };
		91EB10A92395635F00E80D2F /* log.c in Sources */ = {isa = PBXBuildFile; fileRef = 91EB10982395635F00E80D2F /* log.c */; };
		91EB10AA2395635F00E80D2F /* hashswf.c in Sources */ = {isa = PBXBuildFile; fileRef = 91EB109E2395635F00E80D2F /* hashswf.c */; settings = {COMPILER_FLAGS = "-w"; }; };
		91EB10AB2395635F00E80D2F /* rtmp.c in Sources */ = {isa = PBXBuildFile; fileRef = 91EB109F2395635F00E80D2F /* rtmp.c */; settings = {COMPILER_FLAGS = "-w"; }; };
		91EB10AC2395635F00E80D2F /* testapp.c in Sources */ = {isa = PBXBuildFile; fileRef = 91EB10A02395635F00E80D2F /* testapp.c */; };
		91EB10AD2395635F00E80D2F /* COPYING in Resources */ = {isa = PBXBuildFile; fileRef = 91EB10A22395635F00E80D2F /* COPYING */; };
		91EB10AE2395635F00E80D2F /* parseurl.c in Sources */ = {isa = PBXBuildFile; fileRef = 91EB10A62395635F00E80D2F /* parseurl.c */; settings = {COMPILER_FLAGS = "-w"; }; };
		91EB10AF2395635F00E80D2F /* amf.c in Sources */ = {isa = PBXBuildFile; fileRef = 91EB10A72395635F00E80D2F /* amf.c */; };
		91EB10B2239565E300E80D2F /* KRtmpSource.m in Sources */ = {isa = PBXBuildFile; fileRef = 91EB10B1239565E300E80D2F /* KRtmpSource.m */; };
		B274E9D458E68C8EA671D88C /* libPods-KPlayTest5.a in Frameworks */ = {isa = PBXBuildFile; fileRef = 63D61B3D625C59FEAF78B39D /* libPods-KPlayTest5.a */; };
/* End PBXBuildFile section */

/* Begin PBXContainerItemProxy section */
		91C197B3238328BB002B2463 /* PBXContainerItemProxy */ = {
			isa = PBXContainerItemProxy;
			containerPortal = 91C1976D2382FD86002B2463 /* Project object */;
			proxyType = 1;
			remoteGlobalIDString = 91C197742382FD86002B2463;
			remoteInfo = KPlayTest5;
		};
		91C197C123832931002B2463 /* PBXContainerItemProxy */ = {
			isa = PBXContainerItemProxy;
			containerPortal = 91C1976D2382FD86002B2463 /* Project object */;
			proxyType = 1;
			remoteGlobalIDString = 91C197742382FD86002B2463;
			remoteInfo = KPlayTest5;
		};
/* End PBXContainerItemProxy section */

/* Begin PBXFileReference section */
		63D61B3D625C59FEAF78B39D /* libPods-KPlayTest5.a */ = {isa = PBXFileReference; explicitFileType = archive.ar; includeInIndex = 0; path = "libPods-KPlayTest5.a"; sourceTree = BUILT_PRODUCTS_DIR; };
		91208971238E6B7900594FB8 /* KAudioPlay.h */ = {isa = PBXFileReference; lastKnownFileType = sourcecode.c.h; path = KAudioPlay.h; sourceTree = "<group>"; };
		91208972238E6B7900594FB8 /* KAudioPlay.m */ = {isa = PBXFileReference; lastKnownFileType = sourcecode.c.objc; path = KAudioPlay.m; sourceTree = "<group>"; };
		912A80682397CBE500D62669 /* KVideoDecoder.h */ = {isa = PBXFileReference; lastKnownFileType = sourcecode.c.h; path = KVideoDecoder.h; sourceTree = "<group>"; };
		912A80692397CBE500D62669 /* KVideoDecoder.m */ = {isa = PBXFileReference; lastKnownFileType = sourcecode.c.objc; path = KVideoDecoder.m; sourceTree = "<group>"; };
		912A80932398122100D62669 /* VTDec.h */ = {isa = PBXFileReference; lastKnownFileType = sourcecode.c.h; path = VTDec.h; sourceTree = "<group>"; };
		912A80942398122100D62669 /* VTDec.m */ = {isa = PBXFileReference; lastKnownFileType = sourcecode.c.objc; path = VTDec.m; sourceTree = "<group>"; };
		912A80962398380B00D62669 /* KVideoPlay.h */ = {isa = PBXFileReference; lastKnownFileType = sourcecode.c.h; path = KVideoPlay.h; sourceTree = "<group>"; };
		912A80972398380B00D62669 /* KVideoPlay.m */ = {isa = PBXFileReference; lastKnownFileType = sourcecode.c.objc; path = KVideoPlay.m; sourceTree = "<group>"; };
		912CEF342385E0C100EA9213 /* KQueueFilter.m */ = {isa = PBXFileReference; fileEncoding = 4; lastKnownFileType = sourcecode.c.objc; path = KQueueFilter.m; sourceTree = "<group>"; };
		912CEF352385E0C100EA9213 /* KQueueFilter.h */ = {isa = PBXFileReference; fileEncoding = 4; lastKnownFileType = sourcecode.c.h; path = KQueueFilter.h; sourceTree = "<group>"; };
		915F30A22392FB8A00B98323 /* WavReader.h */ = {isa = PBXFileReference; lastKnownFileType = sourcecode.c.h; path = WavReader.h; sourceTree = "<group>"; };
		915F30A32392FB8A00B98323 /* WavReader.m */ = {isa = PBXFileReference; lastKnownFileType = sourcecode.c.objc; path = WavReader.m; sourceTree = "<group>"; };
		915F30A623932A6E00B98323 /* KAudioWavSource.h */ = {isa = PBXFileReference; lastKnownFileType = sourcecode.c.h; path = KAudioWavSource.h; sourceTree = "<group>"; };
		915F30A723932A6E00B98323 /* KAudioWavSource.m */ = {isa = PBXFileReference; lastKnownFileType = sourcecode.c.objc; path = KAudioWavSource.m; sourceTree = "<group>"; };
		918654E8238D1D1B00655EE3 /* KTestAudio.h */ = {isa = PBXFileReference; lastKnownFileType = sourcecode.c.h; path = KTestAudio.h; sourceTree = "<group>"; };
		918654E9238D1D1B00655EE3 /* KTestAudio.m */ = {isa = PBXFileReference; lastKnownFileType = sourcecode.c.objc; path = KTestAudio.m; sourceTree = "<group>"; };
		91C197752382FD86002B2463 /* KPlayTest5.app */ = {isa = PBXFileReference; explicitFileType = wrapper.application; includeInIndex = 0; path = KPlayTest5.app; sourceTree = BUILT_PRODUCTS_DIR; };
		91C197782382FD86002B2463 /* AppDelegate.swift */ = {isa = PBXFileReference; lastKnownFileType = sourcecode.swift; path = AppDelegate.swift; sourceTree = "<group>"; };
		91C1977A2382FD86002B2463 /* SceneDelegate.swift */ = {isa = PBXFileReference; lastKnownFileType = sourcecode.swift; path = SceneDelegate.swift; sourceTree = "<group>"; };
		91C1977C2382FD86002B2463 /* ViewController.swift */ = {isa = PBXFileReference; lastKnownFileType = sourcecode.swift; path = ViewController.swift; sourceTree = "<group>"; };
		91C1977F2382FD86002B2463 /* Base */ = {isa = PBXFileReference; lastKnownFileType = file.storyboard; name = Base; path = Base.lproj/Main.storyboard; sourceTree = "<group>"; };
		91C197822382FD86002B2463 /* KPlayTest5.xcdatamodel */ = {isa = PBXFileReference; lastKnownFileType = wrapper.xcdatamodel; path = KPlayTest5.xcdatamodel; sourceTree = "<group>"; };
		91C197842382FD87002B2463 /* Assets.xcassets */ = {isa = PBXFileReference; lastKnownFileType = folder.assetcatalog; path = Assets.xcassets; sourceTree = "<group>"; };
		91C197872382FD87002B2463 /* Base */ = {isa = PBXFileReference; lastKnownFileType = file.storyboard; name = Base; path = Base.lproj/LaunchScreen.storyboard; sourceTree = "<group>"; };
		91C197892382FD87002B2463 /* Info.plist */ = {isa = PBXFileReference; lastKnownFileType = text.plist.xml; path = Info.plist; sourceTree = "<group>"; };
		91C1978F2382FDF4002B2463 /* KPlayTest5-Bridging-Header.h */ = {isa = PBXFileReference; lastKnownFileType = sourcecode.c.h; path = "KPlayTest5-Bridging-Header.h"; sourceTree = "<group>"; };
		91C197902382FDF5002B2463 /* NSObject+test_m.h */ = {isa = PBXFileReference; lastKnownFileType = sourcecode.c.h; path = "NSObject+test_m.h"; sourceTree = "<group>"; };
		91C197922383022D002B2463 /* KMediaSample.h */ = {isa = PBXFileReference; fileEncoding = 4; lastKnownFileType = sourcecode.c.h; path = KMediaSample.h; sourceTree = "<group>"; };
		91C197942383022D002B2463 /* KTestFilters.m */ = {isa = PBXFileReference; fileEncoding = 4; lastKnownFileType = sourcecode.c.objc; path = KTestFilters.m; sourceTree = "<group>"; };
		91C197952383022D002B2463 /* KTestGraph1.m */ = {isa = PBXFileReference; fileEncoding = 4; lastKnownFileType = sourcecode.c.objc; path = KTestGraph1.m; sourceTree = "<group>"; };
		91C197962383022D002B2463 /* KTestFilters.h */ = {isa = PBXFileReference; fileEncoding = 4; lastKnownFileType = sourcecode.c.h; path = KTestFilters.h; sourceTree = "<group>"; };
		91C197972383022D002B2463 /* KTestGraph1.h */ = {isa = PBXFileReference; fileEncoding = 4; lastKnownFileType = sourcecode.c.h; path = KTestGraph1.h; sourceTree = "<group>"; };
		91C197982383022D002B2463 /* KFilter.h */ = {isa = PBXFileReference; fileEncoding = 4; lastKnownFileType = sourcecode.c.h; path = KFilter.h; sourceTree = "<group>"; };
		91C197992383022D002B2463 /* KPlayGraph.m */ = {isa = PBXFileReference; fileEncoding = 4; lastKnownFileType = sourcecode.c.objc; path = KPlayGraph.m; sourceTree = "<group>"; };
		91C1979A2383022D002B2463 /* KPin.h */ = {isa = PBXFileReference; fileEncoding = 4; lastKnownFileType = sourcecode.c.h; path = KPin.h; sourceTree = "<group>"; };
		91C1979B2383022D002B2463 /* KClock.h */ = {isa = PBXFileReference; fileEncoding = 4; lastKnownFileType = sourcecode.c.h; path = KClock.h; sourceTree = "<group>"; };
		91C1979C2383022D002B2463 /* KMediaSample.m */ = {isa = PBXFileReference; fileEncoding = 4; lastKnownFileType = sourcecode.c.objc; path = KMediaSample.m; sourceTree = "<group>"; };
		91C1979D2383022D002B2463 /* myDebug.h */ = {isa = PBXFileReference; fileEncoding = 4; lastKnownFileType = sourcecode.c.h; path = myDebug.h; sourceTree = "<group>"; };
		91C1979E2383022D002B2463 /* KFilter.m */ = {isa = PBXFileReference; fileEncoding = 4; lastKnownFileType = sourcecode.c.objc; path = KFilter.m; sourceTree = "<group>"; };
		91C1979F2383022D002B2463 /* KClock.m */ = {isa = PBXFileReference; fileEncoding = 4; lastKnownFileType = sourcecode.c.objc; path = KClock.m; sourceTree = "<group>"; };
		91C197A02383022D002B2463 /* KPin.m */ = {isa = PBXFileReference; fileEncoding = 4; lastKnownFileType = sourcecode.c.objc; path = KPin.m; sourceTree = "<group>"; };
		91C197A12383022D002B2463 /* KPlayGraph.h */ = {isa = PBXFileReference; fileEncoding = 4; lastKnownFileType = sourcecode.c.h; path = KPlayGraph.h; sourceTree = "<group>"; };
		91C197A923831D18002B2463 /* todo.h */ = {isa = PBXFileReference; lastKnownFileType = sourcecode.c.h; path = todo.h; sourceTree = "<group>"; };
		91C197AE238328BB002B2463 /* KPlayTest5Test1.xctest */ = {isa = PBXFileReference; explicitFileType = wrapper.cfbundle; includeInIndex = 0; path = KPlayTest5Test1.xctest; sourceTree = BUILT_PRODUCTS_DIR; };
		91C197B0238328BB002B2463 /* KPlayTest5Test1.m */ = {isa = PBXFileReference; lastKnownFileType = sourcecode.c.objc; path = KPlayTest5Test1.m; sourceTree = "<group>"; };
		91C197B2238328BB002B2463 /* Info.plist */ = {isa = PBXFileReference; lastKnownFileType = text.plist.xml; path = Info.plist; sourceTree = "<group>"; };
		91C197BC23832931002B2463 /* KPlayTest5Test2.xctest */ = {isa = PBXFileReference; explicitFileType = wrapper.cfbundle; includeInIndex = 0; path = KPlayTest5Test2.xctest; sourceTree = BUILT_PRODUCTS_DIR; };
		91C197BE23832931002B2463 /* KPlayTest5Test2.m */ = {isa = PBXFileReference; lastKnownFileType = sourcecode.c.objc; path = KPlayTest5Test2.m; sourceTree = "<group>"; };
		91C197C023832931002B2463 /* Info.plist */ = {isa = PBXFileReference; lastKnownFileType = text.plist.xml; path = Info.plist; sourceTree = "<group>"; };
		91E8CFAB239636740044D383 /* FlvDec.h */ = {isa = PBXFileReference; lastKnownFileType = sourcecode.c.h; path = FlvDec.h; sourceTree = "<group>"; };
		91E8CFAC239636740044D383 /* FlvDec.m */ = {isa = PBXFileReference; lastKnownFileType = sourcecode.c.objc; path = FlvDec.m; sourceTree = "<group>"; };
		91EB10982395635F00E80D2F /* log.c */ = {isa = PBXFileReference; fileEncoding = 4; lastKnownFileType = sourcecode.c.c; path = log.c; sourceTree = "<group>"; };
		91EB10992395635F00E80D2F /* http.h */ = {isa = PBXFileReference; fileEncoding = 4; lastKnownFileType = sourcecode.c.h; path = http.h; sourceTree = "<group>"; };
		91EB109A2395635F00E80D2F /* handshake.h */ = {isa = PBXFileReference; fileEncoding = 4; lastKnownFileType = sourcecode.c.h; path = handshake.h; sourceTree = "<group>"; };
		91EB109B2395635F00E80D2F /* dh.h */ = {isa = PBXFileReference; fileEncoding = 4; lastKnownFileType = sourcecode.c.h; path = dh.h; sourceTree = "<group>"; };
		91EB109C2395635F00E80D2F /* dhgroups.h */ = {isa = PBXFileReference; fileEncoding = 4; lastKnownFileType = sourcecode.c.h; path = dhgroups.h; sourceTree = "<group>"; };
		91EB109D2395635F00E80D2F /* rtmp_sys.h */ = {isa = PBXFileReference; fileEncoding = 4; lastKnownFileType = sourcecode.c.h; path = rtmp_sys.h; sourceTree = "<group>"; };
		91EB109E2395635F00E80D2F /* hashswf.c */ = {isa = PBXFileReference; fileEncoding = 4; lastKnownFileType = sourcecode.c.c; path = hashswf.c; sourceTree = "<group>"; };
		91EB109F2395635F00E80D2F /* rtmp.c */ = {isa = PBXFileReference; fileEncoding = 4; lastKnownFileType = sourcecode.c.c; path = rtmp.c; sourceTree = "<group>"; };
		91EB10A02395635F00E80D2F /* testapp.c */ = {isa = PBXFileReference; fileEncoding = 4; lastKnownFileType = sourcecode.c.c; path = testapp.c; sourceTree = "<group>"; };
		91EB10A12395635F00E80D2F /* amf.h */ = {isa = PBXFileReference; fileEncoding = 4; lastKnownFileType = sourcecode.c.h; path = amf.h; sourceTree = "<group>"; };
		91EB10A22395635F00E80D2F /* COPYING */ = {isa = PBXFileReference; fileEncoding = 4; lastKnownFileType = text; path = COPYING; sourceTree = "<group>"; };
		91EB10A32395635F00E80D2F /* log.h */ = {isa = PBXFileReference; fileEncoding = 4; lastKnownFileType = sourcecode.c.h; path = log.h; sourceTree = "<group>"; };
		91EB10A42395635F00E80D2F /* bytes.h */ = {isa = PBXFileReference; fileEncoding = 4; lastKnownFileType = sourcecode.c.h; path = bytes.h; sourceTree = "<group>"; };
		91EB10A52395635F00E80D2F /* pipe.h */ = {isa = PBXFileReference; fileEncoding = 4; lastKnownFileType = sourcecode.c.h; path = pipe.h; sourceTree = "<group>"; };
		91EB10A62395635F00E80D2F /* parseurl.c */ = {isa = PBXFileReference; fileEncoding = 4; lastKnownFileType = sourcecode.c.c; path = parseurl.c; sourceTree = "<group>"; };
		91EB10A72395635F00E80D2F /* amf.c */ = {isa = PBXFileReference; fileEncoding = 4; lastKnownFileType = sourcecode.c.c; path = amf.c; sourceTree = "<group>"; };
		91EB10A82395635F00E80D2F /* rtmp.h */ = {isa = PBXFileReference; fileEncoding = 4; lastKnownFileType = sourcecode.c.h; path = rtmp.h; sourceTree = "<group>"; };
		91EB10B0239565E300E80D2F /* KRtmpSource.h */ = {isa = PBXFileReference; lastKnownFileType = sourcecode.c.h; path = KRtmpSource.h; sourceTree = "<group>"; };
		91EB10B1239565E300E80D2F /* KRtmpSource.m */ = {isa = PBXFileReference; lastKnownFileType = sourcecode.c.objc; path = KRtmpSource.m; sourceTree = "<group>"; };
		B61A9840E77DEACA368B1C27 /* Pods-KPlayTest5.debug.xcconfig */ = {isa = PBXFileReference; includeInIndex = 1; lastKnownFileType = text.xcconfig; name = "Pods-KPlayTest5.debug.xcconfig"; path = "Target Support Files/Pods-KPlayTest5/Pods-KPlayTest5.debug.xcconfig"; sourceTree = "<group>"; };
		DA881D05CDA542BCF58B7302 /* Pods-KPlayTest5.release.xcconfig */ = {isa = PBXFileReference; includeInIndex = 1; lastKnownFileType = text.xcconfig; name = "Pods-KPlayTest5.release.xcconfig"; path = "Target Support Files/Pods-KPlayTest5/Pods-KPlayTest5.release.xcconfig"; sourceTree = "<group>"; };
/* End PBXFileReference section */

/* Begin PBXFrameworksBuildPhase section */
		91C197722382FD86002B2463 /* Frameworks */ = {
			isa = PBXFrameworksBuildPhase;
			buildActionMask = 2147483647;
			files = (
				B274E9D458E68C8EA671D88C /* libPods-KPlayTest5.a in Frameworks */,
			);
			runOnlyForDeploymentPostprocessing = 0;
		};
		91C197AB238328BB002B2463 /* Frameworks */ = {
			isa = PBXFrameworksBuildPhase;
			buildActionMask = 2147483647;
			files = (
			);
			runOnlyForDeploymentPostprocessing = 0;
		};
		91C197B923832931002B2463 /* Frameworks */ = {
			isa = PBXFrameworksBuildPhase;
			buildActionMask = 2147483647;
			files = (
			);
			runOnlyForDeploymentPostprocessing = 0;
		};
/* End PBXFrameworksBuildPhase section */

/* Begin PBXGroup section */
		6BFC8B0014F4230B05BFB3DE /* Frameworks */ = {
			isa = PBXGroup;
			children = (
				63D61B3D625C59FEAF78B39D /* libPods-KPlayTest5.a */,
			);
			name = Frameworks;
			sourceTree = "<group>";
		};
		89A7ABAEC2E65E9830334D43 /* Pods */ = {
			isa = PBXGroup;
			children = (
				B61A9840E77DEACA368B1C27 /* Pods-KPlayTest5.debug.xcconfig */,
				DA881D05CDA542BCF58B7302 /* Pods-KPlayTest5.release.xcconfig */,
			);
			path = Pods;
			sourceTree = "<group>";
		};
		912A80672397CB3900D62669 /* Video */ = {
			isa = PBXGroup;
			children = (
				912A80682397CBE500D62669 /* KVideoDecoder.h */,
				912A80692397CBE500D62669 /* KVideoDecoder.m */,
				912A80962398380B00D62669 /* KVideoPlay.h */,
				912A80972398380B00D62669 /* KVideoPlay.m */,
				912A80932398122100D62669 /* VTDec.h */,
				912A80942398122100D62669 /* VTDec.m */,
			);
			path = Video;
			sourceTree = "<group>";
		};
		912CEF322385E01600EA9213 /* Base */ = {
			isa = PBXGroup;
			children = (
				91C197A12383022D002B2463 /* KPlayGraph.h */,
				91C197992383022D002B2463 /* KPlayGraph.m */,
				91C197922383022D002B2463 /* KMediaSample.h */,
				91C1979C2383022D002B2463 /* KMediaSample.m */,
				91C197982383022D002B2463 /* KFilter.h */,
				91C1979E2383022D002B2463 /* KFilter.m */,
				91C1979A2383022D002B2463 /* KPin.h */,
				91C197A02383022D002B2463 /* KPin.m */,
				91C1979B2383022D002B2463 /* KClock.h */,
				91C1979F2383022D002B2463 /* KClock.m */,
				91C1979D2383022D002B2463 /* myDebug.h */,
			);
			path = Base;
			sourceTree = "<group>";
		};
		912CEF332385E0C100EA9213 /* KQueue */ = {
			isa = PBXGroup;
			children = (
				912CEF342385E0C100EA9213 /* KQueueFilter.m */,
				912CEF352385E0C100EA9213 /* KQueueFilter.h */,
			);
			path = KQueue;
			sourceTree = "<group>";
		};
		915F30A12392FB6500B98323 /* Wav */ = {
			isa = PBXGroup;
			children = (
				915F30A22392FB8A00B98323 /* WavReader.h */,
				915F30A32392FB8A00B98323 /* WavReader.m */,
			);
			path = Wav;
			sourceTree = "<group>";
		};
		915F30A523932A5B00B98323 /* Audio */ = {
			isa = PBXGroup;
			children = (
				915F30A12392FB6500B98323 /* Wav */,
				915F30A623932A6E00B98323 /* KAudioWavSource.h */,
				915F30A723932A6E00B98323 /* KAudioWavSource.m */,
				91208971238E6B7900594FB8 /* KAudioPlay.h */,
				91208972238E6B7900594FB8 /* KAudioPlay.m */,
			);
			path = Audio;
			sourceTree = "<group>";
		};
		91C1976C2382FD86002B2463 = {
			isa = PBXGroup;
			children = (
				91C197A923831D18002B2463 /* todo.h */,
				91C197772382FD86002B2463 /* KPlayTest5 */,
				91C197AF238328BB002B2463 /* KPlayTest5Test1 */,
				91C197BD23832931002B2463 /* KPlayTest5Test2 */,
				91C197762382FD86002B2463 /* Products */,
				89A7ABAEC2E65E9830334D43 /* Pods */,
				6BFC8B0014F4230B05BFB3DE /* Frameworks */,
			);
			sourceTree = "<group>";
		};
		91C197762382FD86002B2463 /* Products */ = {
			isa = PBXGroup;
			children = (
				91C197752382FD86002B2463 /* KPlayTest5.app */,
				91C197AE238328BB002B2463 /* KPlayTest5Test1.xctest */,
				91C197BC23832931002B2463 /* KPlayTest5Test2.xctest */,
			);
			name = Products;
			sourceTree = "<group>";
		};
		91C197772382FD86002B2463 /* KPlayTest5 */ = {
			isa = PBXGroup;
			children = (
				91C197912383022D002B2463 /* KPlay */,
				91C197782382FD86002B2463 /* AppDelegate.swift */,
				91C1977A2382FD86002B2463 /* SceneDelegate.swift */,
				91C1977C2382FD86002B2463 /* ViewController.swift */,
				91C1977E2382FD86002B2463 /* Main.storyboard */,
				91C197842382FD87002B2463 /* Assets.xcassets */,
				91C197862382FD87002B2463 /* LaunchScreen.storyboard */,
				91C197892382FD87002B2463 /* Info.plist */,
				91C197812382FD86002B2463 /* KPlayTest5.xcdatamodeld */,
				91C197902382FDF5002B2463 /* NSObject+test_m.h */,
				91C1978F2382FDF4002B2463 /* KPlayTest5-Bridging-Header.h */,
			);
			path = KPlayTest5;
			sourceTree = "<group>";
		};
		91C197912383022D002B2463 /* KPlay */ = {
			isa = PBXGroup;
			children = (
				912A80672397CB3900D62669 /* Video */,
				91EB1096239562E200E80D2F /* RTMP */,
				915F30A523932A5B00B98323 /* Audio */,
				912CEF332385E0C100EA9213 /* KQueue */,
				912CEF322385E01600EA9213 /* Base */,
				91C197932383022D002B2463 /* Test */,
			);
			path = KPlay;
			sourceTree = "<group>";
		};
		91C197932383022D002B2463 /* Test */ = {
			isa = PBXGroup;
			children = (
				91C197972383022D002B2463 /* KTestGraph1.h */,
				91C197952383022D002B2463 /* KTestGraph1.m */,
				91C197942383022D002B2463 /* KTestFilters.m */,
				91C197962383022D002B2463 /* KTestFilters.h */,
				918654E8238D1D1B00655EE3 /* KTestAudio.h */,
				918654E9238D1D1B00655EE3 /* KTestAudio.m */,
			);
			path = Test;
			sourceTree = "<group>";
		};
		91C197AF238328BB002B2463 /* KPlayTest5Test1 */ = {
			isa = PBXGroup;
			children = (
				91C197B0238328BB002B2463 /* KPlayTest5Test1.m */,
				91C197B2238328BB002B2463 /* Info.plist */,
			);
			path = KPlayTest5Test1;
			sourceTree = "<group>";
		};
		91C197BD23832931002B2463 /* KPlayTest5Test2 */ = {
			isa = PBXGroup;
			children = (
				91C197BE23832931002B2463 /* KPlayTest5Test2.m */,
				91C197C023832931002B2463 /* Info.plist */,
			);
			path = KPlayTest5Test2;
			sourceTree = "<group>";
		};
		91EB1096239562E200E80D2F /* RTMP */ = {
			isa = PBXGroup;
			children = (
				91EB10972395635F00E80D2F /* librtmp */,
				91EB10B0239565E300E80D2F /* KRtmpSource.h */,
				91EB10B1239565E300E80D2F /* KRtmpSource.m */,
				91E8CFAB239636740044D383 /* FlvDec.h */,
				91E8CFAC239636740044D383 /* FlvDec.m */,
			);
			path = RTMP;
			sourceTree = "<group>";
		};
		91EB10972395635F00E80D2F /* librtmp */ = {
			isa = PBXGroup;
			children = (
				91EB10982395635F00E80D2F /* log.c */,
				91EB10992395635F00E80D2F /* http.h */,
				91EB109A2395635F00E80D2F /* handshake.h */,
				91EB109B2395635F00E80D2F /* dh.h */,
				91EB109C2395635F00E80D2F /* dhgroups.h */,
				91EB109D2395635F00E80D2F /* rtmp_sys.h */,
				91EB109E2395635F00E80D2F /* hashswf.c */,
				91EB109F2395635F00E80D2F /* rtmp.c */,
				91EB10A02395635F00E80D2F /* testapp.c */,
				91EB10A12395635F00E80D2F /* amf.h */,
				91EB10A22395635F00E80D2F /* COPYING */,
				91EB10A32395635F00E80D2F /* log.h */,
				91EB10A42395635F00E80D2F /* bytes.h */,
				91EB10A52395635F00E80D2F /* pipe.h */,
				91EB10A62395635F00E80D2F /* parseurl.c */,
				91EB10A72395635F00E80D2F /* amf.c */,
				91EB10A82395635F00E80D2F /* rtmp.h */,
			);
			path = librtmp;
			sourceTree = "<group>";
		};
/* End PBXGroup section */

/* Begin PBXNativeTarget section */
		91C197742382FD86002B2463 /* KPlayTest5 */ = {
			isa = PBXNativeTarget;
			buildConfigurationList = 91C1978C2382FD87002B2463 /* Build configuration list for PBXNativeTarget "KPlayTest5" */;
			buildPhases = (
				C31224A0CDA9B43BB963E92A /* [CP] Check Pods Manifest.lock */,
				91C197712382FD86002B2463 /* Sources */,
				91C197722382FD86002B2463 /* Frameworks */,
				91C197732382FD86002B2463 /* Resources */,
			);
			buildRules = (
			);
			dependencies = (
			);
			name = KPlayTest5;
			productName = KPlayTest5;
			productReference = 91C197752382FD86002B2463 /* KPlayTest5.app */;
			productType = "com.apple.product-type.application";
		};
		91C197AD238328BB002B2463 /* KPlayTest5Test1 */ = {
			isa = PBXNativeTarget;
			buildConfigurationList = 91C197B5238328BB002B2463 /* Build configuration list for PBXNativeTarget "KPlayTest5Test1" */;
			buildPhases = (
				91C197AA238328BB002B2463 /* Sources */,
				91C197AB238328BB002B2463 /* Frameworks */,
				91C197AC238328BB002B2463 /* Resources */,
			);
			buildRules = (
			);
			dependencies = (
				91C197B4238328BB002B2463 /* PBXTargetDependency */,
			);
			name = KPlayTest5Test1;
			productName = KPlayTest5Test1;
			productReference = 91C197AE238328BB002B2463 /* KPlayTest5Test1.xctest */;
			productType = "com.apple.product-type.bundle.unit-test";
		};
		91C197BB23832931002B2463 /* KPlayTest5Test2 */ = {
			isa = PBXNativeTarget;
			buildConfigurationList = 91C197C323832931002B2463 /* Build configuration list for PBXNativeTarget "KPlayTest5Test2" */;
			buildPhases = (
				91C197B823832931002B2463 /* Sources */,
				91C197B923832931002B2463 /* Frameworks */,
				91C197BA23832931002B2463 /* Resources */,
			);
			buildRules = (
			);
			dependencies = (
				91C197C223832931002B2463 /* PBXTargetDependency */,
			);
			name = KPlayTest5Test2;
			productName = KPlayTest5Test2;
			productReference = 91C197BC23832931002B2463 /* KPlayTest5Test2.xctest */;
			productType = "com.apple.product-type.bundle.unit-test";
		};
/* End PBXNativeTarget section */

/* Begin PBXProject section */
		91C1976D2382FD86002B2463 /* Project object */ = {
			isa = PBXProject;
			attributes = {
				LastSwiftUpdateCheck = 1120;
				LastUpgradeCheck = 1120;
				ORGANIZATIONNAME = kuzalex;
				TargetAttributes = {
					91C197742382FD86002B2463 = {
						CreatedOnToolsVersion = 11.2.1;
						LastSwiftMigration = 1120;
					};
					91C197AD238328BB002B2463 = {
						CreatedOnToolsVersion = 11.2.1;
						TestTargetID = 91C197742382FD86002B2463;
					};
					91C197BB23832931002B2463 = {
						CreatedOnToolsVersion = 11.2.1;
						TestTargetID = 91C197742382FD86002B2463;
					};
				};
			};
			buildConfigurationList = 91C197702382FD86002B2463 /* Build configuration list for PBXProject "KPlayTest5" */;
			compatibilityVersion = "Xcode 9.3";
			developmentRegion = en;
			hasScannedForEncodings = 0;
			knownRegions = (
				en,
				Base,
			);
			mainGroup = 91C1976C2382FD86002B2463;
			productRefGroup = 91C197762382FD86002B2463 /* Products */;
			projectDirPath = "";
			projectRoot = "";
			targets = (
				91C197742382FD86002B2463 /* KPlayTest5 */,
				91C197AD238328BB002B2463 /* KPlayTest5Test1 */,
				91C197BB23832931002B2463 /* KPlayTest5Test2 */,
			);
		};
/* End PBXProject section */

/* Begin PBXResourcesBuildPhase section */
		91C197732382FD86002B2463 /* Resources */ = {
			isa = PBXResourcesBuildPhase;
			buildActionMask = 2147483647;
			files = (
				91EB10AD2395635F00E80D2F /* COPYING in Resources */,
				91C197882382FD87002B2463 /* LaunchScreen.storyboard in Resources */,
				91C197852382FD87002B2463 /* Assets.xcassets in Resources */,
				91C197802382FD86002B2463 /* Main.storyboard in Resources */,
			);
			runOnlyForDeploymentPostprocessing = 0;
		};
		91C197AC238328BB002B2463 /* Resources */ = {
			isa = PBXResourcesBuildPhase;
			buildActionMask = 2147483647;
			files = (
			);
			runOnlyForDeploymentPostprocessing = 0;
		};
		91C197BA23832931002B2463 /* Resources */ = {
			isa = PBXResourcesBuildPhase;
			buildActionMask = 2147483647;
			files = (
			);
			runOnlyForDeploymentPostprocessing = 0;
		};
/* End PBXResourcesBuildPhase section */

/* Begin PBXShellScriptBuildPhase section */
		C31224A0CDA9B43BB963E92A /* [CP] Check Pods Manifest.lock */ = {
			isa = PBXShellScriptBuildPhase;
			buildActionMask = 2147483647;
			files = (
			);
			inputFileListPaths = (
			);
			inputPaths = (
				"${PODS_PODFILE_DIR_PATH}/Podfile.lock",
				"${PODS_ROOT}/Manifest.lock",
			);
			name = "[CP] Check Pods Manifest.lock";
			outputFileListPaths = (
			);
			outputPaths = (
				"$(DERIVED_FILE_DIR)/Pods-KPlayTest5-checkManifestLockResult.txt",
			);
			runOnlyForDeploymentPostprocessing = 0;
			shellPath = /bin/sh;
			shellScript = "diff \"${PODS_PODFILE_DIR_PATH}/Podfile.lock\" \"${PODS_ROOT}/Manifest.lock\" > /dev/null\nif [ $? != 0 ] ; then\n    # print error to STDERR\n    echo \"error: The sandbox is not in sync with the Podfile.lock. Run 'pod install' or update your CocoaPods installation.\" >&2\n    exit 1\nfi\n# This output is used by Xcode 'outputs' to avoid re-running this script phase.\necho \"SUCCESS\" > \"${SCRIPT_OUTPUT_FILE_0}\"\n";
			showEnvVarsInLog = 0;
		};
/* End PBXShellScriptBuildPhase section */

/* Begin PBXSourcesBuildPhase section */
		91C197712382FD86002B2463 /* Sources */ = {
			isa = PBXSourcesBuildPhase;
			buildActionMask = 2147483647;
			files = (
				91EB10AF2395635F00E80D2F /* amf.c in Sources */,
				91C197A62383022E002B2463 /* KFilter.m in Sources */,
				91C197A32383022E002B2463 /* KTestGraph1.m in Sources */,
				91C1977D2382FD86002B2463 /* ViewController.swift in Sources */,
				912CEF362385E0C100EA9213 /* KQueueFilter.m in Sources */,
				91C197A42383022E002B2463 /* KPlayGraph.m in Sources */,
				912A806A2397CBE500D62669 /* KVideoDecoder.m in Sources */,
				91EB10B2239565E300E80D2F /* KRtmpSource.m in Sources */,
				91E8CFAD239636740044D383 /* FlvDec.m in Sources */,
				91C197832382FD86002B2463 /* KPlayTest5.xcdatamodeld in Sources */,
				91208973238E6B7900594FB8 /* KAudioPlay.m in Sources */,
				912A80982398380B00D62669 /* KVideoPlay.m in Sources */,
				915F30A42392FB8A00B98323 /* WavReader.m in Sources */,
				91EB10AA2395635F00E80D2F /* hashswf.c in Sources */,
				918654EA238D1D1B00655EE3 /* KTestAudio.m in Sources */,
				912A80952398122100D62669 /* VTDec.m in Sources */,
				91C197A22383022E002B2463 /* KTestFilters.m in Sources */,
				91C197A82383022E002B2463 /* KPin.m in Sources */,
				91C197A72383022E002B2463 /* KClock.m in Sources */,
				91EB10AE2395635F00E80D2F /* parseurl.c in Sources */,
				91C197792382FD86002B2463 /* AppDelegate.swift in Sources */,
				915F30A823932A6E00B98323 /* KAudioWavSource.m in Sources */,
				91EB10AC2395635F00E80D2F /* testapp.c in Sources */,
				91EB10A92395635F00E80D2F /* log.c in Sources */,
				91C197A52383022E002B2463 /* KMediaSample.m in Sources */,
				91C1977B2382FD86002B2463 /* SceneDelegate.swift in Sources */,
				91EB10AB2395635F00E80D2F /* rtmp.c in Sources */,
			);
			runOnlyForDeploymentPostprocessing = 0;
		};
		91C197AA238328BB002B2463 /* Sources */ = {
			isa = PBXSourcesBuildPhase;
			buildActionMask = 2147483647;
			files = (
				91C197B1238328BB002B2463 /* KPlayTest5Test1.m in Sources */,
			);
			runOnlyForDeploymentPostprocessing = 0;
		};
		91C197B823832931002B2463 /* Sources */ = {
			isa = PBXSourcesBuildPhase;
			buildActionMask = 2147483647;
			files = (
				91C197BF23832931002B2463 /* KPlayTest5Test2.m in Sources */,
			);
			runOnlyForDeploymentPostprocessing = 0;
		};
/* End PBXSourcesBuildPhase section */

/* Begin PBXTargetDependency section */
		91C197B4238328BB002B2463 /* PBXTargetDependency */ = {
			isa = PBXTargetDependency;
			target = 91C197742382FD86002B2463 /* KPlayTest5 */;
			targetProxy = 91C197B3238328BB002B2463 /* PBXContainerItemProxy */;
		};
		91C197C223832931002B2463 /* PBXTargetDependency */ = {
			isa = PBXTargetDependency;
			target = 91C197742382FD86002B2463 /* KPlayTest5 */;
			targetProxy = 91C197C123832931002B2463 /* PBXContainerItemProxy */;
		};
/* End PBXTargetDependency section */

/* Begin PBXVariantGroup section */
		91C1977E2382FD86002B2463 /* Main.storyboard */ = {
			isa = PBXVariantGroup;
			children = (
				91C1977F2382FD86002B2463 /* Base */,
			);
			name = Main.storyboard;
			sourceTree = "<group>";
		};
		91C197862382FD87002B2463 /* LaunchScreen.storyboard */ = {
			isa = PBXVariantGroup;
			children = (
				91C197872382FD87002B2463 /* Base */,
			);
			name = LaunchScreen.storyboard;
			sourceTree = "<group>";
		};
/* End PBXVariantGroup section */

/* Begin XCBuildConfiguration section */
		91C1978A2382FD87002B2463 /* Debug */ = {
			isa = XCBuildConfiguration;
			buildSettings = {
				ALWAYS_SEARCH_USER_PATHS = NO;
				CLANG_ANALYZER_NONNULL = YES;
				CLANG_ANALYZER_NUMBER_OBJECT_CONVERSION = YES_AGGRESSIVE;
				CLANG_CXX_LANGUAGE_STANDARD = "gnu++14";
				CLANG_CXX_LIBRARY = "libc++";
				CLANG_ENABLE_MODULES = YES;
				CLANG_ENABLE_OBJC_ARC = YES;
				CLANG_ENABLE_OBJC_WEAK = YES;
				CLANG_WARN_BLOCK_CAPTURE_AUTORELEASING = YES;
				CLANG_WARN_BOOL_CONVERSION = YES;
				CLANG_WARN_COMMA = YES;
				CLANG_WARN_CONSTANT_CONVERSION = YES;
				CLANG_WARN_DEPRECATED_OBJC_IMPLEMENTATIONS = YES;
				CLANG_WARN_DIRECT_OBJC_ISA_USAGE = YES_ERROR;
				CLANG_WARN_DOCUMENTATION_COMMENTS = YES;
				CLANG_WARN_EMPTY_BODY = YES;
				CLANG_WARN_ENUM_CONVERSION = YES;
				CLANG_WARN_INFINITE_RECURSION = YES;
				CLANG_WARN_INT_CONVERSION = YES;
				CLANG_WARN_NON_LITERAL_NULL_CONVERSION = YES;
				CLANG_WARN_OBJC_IMPLICIT_RETAIN_SELF = YES;
				CLANG_WARN_OBJC_LITERAL_CONVERSION = YES;
				CLANG_WARN_OBJC_ROOT_CLASS = YES_ERROR;
				CLANG_WARN_RANGE_LOOP_ANALYSIS = YES;
				CLANG_WARN_STRICT_PROTOTYPES = YES;
				CLANG_WARN_SUSPICIOUS_MOVE = YES;
				CLANG_WARN_UNGUARDED_AVAILABILITY = YES_AGGRESSIVE;
				CLANG_WARN_UNREACHABLE_CODE = YES;
				CLANG_WARN__DUPLICATE_METHOD_MATCH = YES;
				COPY_PHASE_STRIP = NO;
				DEBUG_INFORMATION_FORMAT = dwarf;
				ENABLE_STRICT_OBJC_MSGSEND = YES;
				ENABLE_TESTABILITY = YES;
				GCC_C_LANGUAGE_STANDARD = gnu11;
				GCC_DYNAMIC_NO_PIC = NO;
				GCC_NO_COMMON_BLOCKS = YES;
				GCC_OPTIMIZATION_LEVEL = 0;
				GCC_PREPROCESSOR_DEFINITIONS = (
					"DEBUG=1",
					"$(inherited)",
				);
				GCC_WARN_64_TO_32_BIT_CONVERSION = YES;
				GCC_WARN_ABOUT_RETURN_TYPE = YES_ERROR;
				GCC_WARN_UNDECLARED_SELECTOR = YES;
				GCC_WARN_UNINITIALIZED_AUTOS = YES_AGGRESSIVE;
				GCC_WARN_UNUSED_FUNCTION = YES;
				GCC_WARN_UNUSED_VARIABLE = YES;
				IPHONEOS_DEPLOYMENT_TARGET = 13.2;
				MTL_ENABLE_DEBUG_INFO = INCLUDE_SOURCE;
				MTL_FAST_MATH = YES;
				ONLY_ACTIVE_ARCH = YES;
				SDKROOT = iphoneos;
				SWIFT_ACTIVE_COMPILATION_CONDITIONS = DEBUG;
				SWIFT_OPTIMIZATION_LEVEL = "-Onone";
			};
			name = Debug;
		};
		91C1978B2382FD87002B2463 /* Release */ = {
			isa = XCBuildConfiguration;
			buildSettings = {
				ALWAYS_SEARCH_USER_PATHS = NO;
				CLANG_ANALYZER_NONNULL = YES;
				CLANG_ANALYZER_NUMBER_OBJECT_CONVERSION = YES_AGGRESSIVE;
				CLANG_CXX_LANGUAGE_STANDARD = "gnu++14";
				CLANG_CXX_LIBRARY = "libc++";
				CLANG_ENABLE_MODULES = YES;
				CLANG_ENABLE_OBJC_ARC = YES;
				CLANG_ENABLE_OBJC_WEAK = YES;
				CLANG_WARN_BLOCK_CAPTURE_AUTORELEASING = YES;
				CLANG_WARN_BOOL_CONVERSION = YES;
				CLANG_WARN_COMMA = YES;
				CLANG_WARN_CONSTANT_CONVERSION = YES;
				CLANG_WARN_DEPRECATED_OBJC_IMPLEMENTATIONS = YES;
				CLANG_WARN_DIRECT_OBJC_ISA_USAGE = YES_ERROR;
				CLANG_WARN_DOCUMENTATION_COMMENTS = YES;
				CLANG_WARN_EMPTY_BODY = YES;
				CLANG_WARN_ENUM_CONVERSION = YES;
				CLANG_WARN_INFINITE_RECURSION = YES;
				CLANG_WARN_INT_CONVERSION = YES;
				CLANG_WARN_NON_LITERAL_NULL_CONVERSION = YES;
				CLANG_WARN_OBJC_IMPLICIT_RETAIN_SELF = YES;
				CLANG_WARN_OBJC_LITERAL_CONVERSION = YES;
				CLANG_WARN_OBJC_ROOT_CLASS = YES_ERROR;
				CLANG_WARN_RANGE_LOOP_ANALYSIS = YES;
				CLANG_WARN_STRICT_PROTOTYPES = YES;
				CLANG_WARN_SUSPICIOUS_MOVE = YES;
				CLANG_WARN_UNGUARDED_AVAILABILITY = YES_AGGRESSIVE;
				CLANG_WARN_UNREACHABLE_CODE = YES;
				CLANG_WARN__DUPLICATE_METHOD_MATCH = YES;
				COPY_PHASE_STRIP = NO;
				DEBUG_INFORMATION_FORMAT = "dwarf-with-dsym";
				ENABLE_NS_ASSERTIONS = NO;
				ENABLE_STRICT_OBJC_MSGSEND = YES;
				GCC_C_LANGUAGE_STANDARD = gnu11;
				GCC_NO_COMMON_BLOCKS = YES;
				GCC_WARN_64_TO_32_BIT_CONVERSION = YES;
				GCC_WARN_ABOUT_RETURN_TYPE = YES_ERROR;
				GCC_WARN_UNDECLARED_SELECTOR = YES;
				GCC_WARN_UNINITIALIZED_AUTOS = YES_AGGRESSIVE;
				GCC_WARN_UNUSED_FUNCTION = YES;
				GCC_WARN_UNUSED_VARIABLE = YES;
				IPHONEOS_DEPLOYMENT_TARGET = 13.2;
				MTL_ENABLE_DEBUG_INFO = NO;
				MTL_FAST_MATH = YES;
				SDKROOT = iphoneos;
				SWIFT_COMPILATION_MODE = wholemodule;
				SWIFT_OPTIMIZATION_LEVEL = "-O";
				VALIDATE_PRODUCT = YES;
			};
			name = Release;
		};
		91C1978D2382FD87002B2463 /* Debug */ = {
			isa = XCBuildConfiguration;
			baseConfigurationReference = B61A9840E77DEACA368B1C27 /* Pods-KPlayTest5.debug.xcconfig */;
			buildSettings = {
				ASSETCATALOG_COMPILER_APPICON_NAME = AppIcon;
				CLANG_ENABLE_MODULES = YES;
				CODE_SIGN_STYLE = Automatic;
				DEVELOPMENT_TEAM = HBDW93993P;
				INFOPLIST_FILE = KPlayTest5/Info.plist;
				LD_RUNPATH_SEARCH_PATHS = (
					"$(inherited)",
					"@executable_path/Frameworks",
				);
				PRODUCT_BUNDLE_IDENTIFIER = com.kuzalex.KPlayer;
				PRODUCT_NAME = "$(TARGET_NAME)";
				SWIFT_OBJC_BRIDGING_HEADER = "KPlayTest5/KPlayTest5-Bridging-Header.h";
				SWIFT_OPTIMIZATION_LEVEL = "-Onone";
				SWIFT_VERSION = 5.0;
				TARGETED_DEVICE_FAMILY = "1,2";
			};
			name = Debug;
		};
		91C1978E2382FD87002B2463 /* Release */ = {
			isa = XCBuildConfiguration;
			baseConfigurationReference = DA881D05CDA542BCF58B7302 /* Pods-KPlayTest5.release.xcconfig */;
			buildSettings = {
				ASSETCATALOG_COMPILER_APPICON_NAME = AppIcon;
				CLANG_ENABLE_MODULES = YES;
				CODE_SIGN_STYLE = Automatic;
				DEVELOPMENT_TEAM = HBDW93993P;
				INFOPLIST_FILE = KPlayTest5/Info.plist;
				LD_RUNPATH_SEARCH_PATHS = (
					"$(inherited)",
					"@executable_path/Frameworks",
				);
				PRODUCT_BUNDLE_IDENTIFIER = com.kuzalex.KPlayer;
				PRODUCT_NAME = "$(TARGET_NAME)";
				SWIFT_OBJC_BRIDGING_HEADER = "KPlayTest5/KPlayTest5-Bridging-Header.h";
				SWIFT_VERSION = 5.0;
				TARGETED_DEVICE_FAMILY = "1,2";
			};
			name = Release;
		};
		91C197B6238328BB002B2463 /* Debug */ = {
			isa = XCBuildConfiguration;
			buildSettings = {
				ALWAYS_EMBED_SWIFT_STANDARD_LIBRARIES = YES;
				BUNDLE_LOADER = "$(TEST_HOST)";
				CODE_SIGN_STYLE = Automatic;
				DEVELOPMENT_TEAM = HBDW93993P;
				INFOPLIST_FILE = KPlayTest5Test1/Info.plist;
				LD_RUNPATH_SEARCH_PATHS = (
					"$(inherited)",
					"@executable_path/Frameworks",
					"@loader_path/Frameworks",
				);
				PRODUCT_BUNDLE_IDENTIFIER = test.KPlayTest5Test1;
				PRODUCT_NAME = "$(TARGET_NAME)";
				TARGETED_DEVICE_FAMILY = "1,2";
				TEST_HOST = "$(BUILT_PRODUCTS_DIR)/KPlayTest5.app/KPlayTest5";
			};
			name = Debug;
		};
		91C197B7238328BB002B2463 /* Release */ = {
			isa = XCBuildConfiguration;
			buildSettings = {
				ALWAYS_EMBED_SWIFT_STANDARD_LIBRARIES = YES;
				BUNDLE_LOADER = "$(TEST_HOST)";
				CODE_SIGN_STYLE = Automatic;
				DEVELOPMENT_TEAM = HBDW93993P;
				INFOPLIST_FILE = KPlayTest5Test1/Info.plist;
				LD_RUNPATH_SEARCH_PATHS = (
					"$(inherited)",
					"@executable_path/Frameworks",
					"@loader_path/Frameworks",
				);
				PRODUCT_BUNDLE_IDENTIFIER = test.KPlayTest5Test1;
				PRODUCT_NAME = "$(TARGET_NAME)";
				TARGETED_DEVICE_FAMILY = "1,2";
				TEST_HOST = "$(BUILT_PRODUCTS_DIR)/KPlayTest5.app/KPlayTest5";
			};
			name = Release;
		};
		91C197C423832931002B2463 /* Debug */ = {
			isa = XCBuildConfiguration;
			buildSettings = {
				ALWAYS_EMBED_SWIFT_STANDARD_LIBRARIES = YES;
				BUNDLE_LOADER = "$(TEST_HOST)";
				CODE_SIGN_STYLE = Automatic;
				DEVELOPMENT_TEAM = HBDW93993P;
				INFOPLIST_FILE = KPlayTest5Test2/Info.plist;
				LD_RUNPATH_SEARCH_PATHS = (
					"$(inherited)",
					"@executable_path/Frameworks",
					"@loader_path/Frameworks",
				);
				PRODUCT_BUNDLE_IDENTIFIER = test.KPlayTest5Test2;
				PRODUCT_NAME = "$(TARGET_NAME)";
				TARGETED_DEVICE_FAMILY = "1,2";
				TEST_HOST = "$(BUILT_PRODUCTS_DIR)/KPlayTest5.app/KPlayTest5";
			};
			name = Debug;
		};
		91C197C523832931002B2463 /* Release */ = {
			isa = XCBuildConfiguration;
			buildSettings = {
				ALWAYS_EMBED_SWIFT_STANDARD_LIBRARIES = YES;
				BUNDLE_LOADER = "$(TEST_HOST)";
				CODE_SIGN_STYLE = Automatic;
				DEVELOPMENT_TEAM = HBDW93993P;
				INFOPLIST_FILE = KPlayTest5Test2/Info.plist;
				LD_RUNPATH_SEARCH_PATHS = (
					"$(inherited)",
					"@executable_path/Frameworks",
					"@loader_path/Frameworks",
				);
				PRODUCT_BUNDLE_IDENTIFIER = test.KPlayTest5Test2;
				PRODUCT_NAME = "$(TARGET_NAME)";
				TARGETED_DEVICE_FAMILY = "1,2";
				TEST_HOST = "$(BUILT_PRODUCTS_DIR)/KPlayTest5.app/KPlayTest5";
			};
			name = Release;
		};
/* End XCBuildConfiguration section */

/* Begin XCConfigurationList section */
		91C197702382FD86002B2463 /* Build configuration list for PBXProject "KPlayTest5" */ = {
			isa = XCConfigurationList;
			buildConfigurations = (
				91C1978A2382FD87002B2463 /* Debug */,
				91C1978B2382FD87002B2463 /* Release */,
			);
			defaultConfigurationIsVisible = 0;
			defaultConfigurationName = Release;
		};
		91C1978C2382FD87002B2463 /* Build configuration list for PBXNativeTarget "KPlayTest5" */ = {
			isa = XCConfigurationList;
			buildConfigurations = (
				91C1978D2382FD87002B2463 /* Debug */,
				91C1978E2382FD87002B2463 /* Release */,
			);
			defaultConfigurationIsVisible = 0;
			defaultConfigurationName = Release;
		};
		91C197B5238328BB002B2463 /* Build configuration list for PBXNativeTarget "KPlayTest5Test1" */ = {
			isa = XCConfigurationList;
			buildConfigurations = (
				91C197B6238328BB002B2463 /* Debug */,
				91C197B7238328BB002B2463 /* Release */,
			);
			defaultConfigurationIsVisible = 0;
			defaultConfigurationName = Release;
		};
		91C197C323832931002B2463 /* Build configuration list for PBXNativeTarget "KPlayTest5Test2" */ = {
			isa = XCConfigurationList;
			buildConfigurations = (
				91C197C423832931002B2463 /* Debug */,
				91C197C523832931002B2463 /* Release */,
			);
			defaultConfigurationIsVisible = 0;
			defaultConfigurationName = Release;
		};
/* End XCConfigurationList section */

/* Begin XCVersionGroup section */
		91C197812382FD86002B2463 /* KPlayTest5.xcdatamodeld */ = {
			isa = XCVersionGroup;
			children = (
				91C197822382FD86002B2463 /* KPlayTest5.xcdatamodel */,
			);
			currentVersion = 91C197822382FD86002B2463 /* KPlayTest5.xcdatamodel */;
			path = KPlayTest5.xcdatamodeld;
			sourceTree = "<group>";
			versionGroupType = wrapper.xcdatamodel;
		};
/* End XCVersionGroup section */
	};
	rootObject = 91C1976D2382FD86002B2463 /* Project object */;
}
